
Microsoft Visual Studio Solution File, Format Version 12.00
# Visual Studio 15
VisualStudioVersion = 15.0.26430.6
MinimumVisualStudioVersion = 10.0.40219.1
Project("{FAE04EC0-301F-11D3-BF4B-00C04F79EFBC}") = "_StringBuilder", "_StringBuilder\_StringBuilder.csproj", "{AA3B596A-3186-4B9B-8ABF-704D10F25357}"
EndProject
Global
	GlobalSection(SolutionConfigurationPlatforms) = preSolution
		Debug|Any CPU = Debug|Any CPU
		Release|Any CPU = Release|Any CPU
	EndGlobalSection
	GlobalSection(ProjectConfigurationPlatforms) = postSolution
		{AA3B596A-3186-4B9B-8ABF-704D10F25357}.Debug|Any CPU.ActiveCfg = Debug|Any CPU
		{AA3B596A-3186-4B9B-8ABF-704D10F25357}.Debug|Any CPU.Build.0 = Debug|Any CPU
		{AA3B596A-3186-4B9B-8ABF-704D10F25357}.Release|Any CPU.ActiveCfg = Release|Any CPU
		{AA3B596A-3186-4B9B-8ABF-704D10F25357}.Release|Any CPU.Build.0 = Release|Any CPU
	EndGlobalSection
	GlobalSection(SolutionProperties) = preSolution
		HideSolutionNode = FALSE
	EndGlobalSection
EndGlobal
